// !$*UTF8*$!
{
	archiveVersion = 1;
	classes = {
	};
	objectVersion = 46;
	objects = {

/* Begin PBXBuildFile section */
		7E4C90F41EC2DA3C007EB735 /* beep.wav in Resources */ = {isa = PBXBuildFile; fileRef = 7E4C90F31EC2DA3C007EB735 /* beep.wav */; };
		EFEEC3E61EC0D0E100CBFF82 /* AppDelegate.swift in Sources */ = {isa = PBXBuildFile; fileRef = EFEEC3E51EC0D0E100CBFF82 /* AppDelegate.swift */; };
		EFEEC3E81EC0D0E100CBFF82 /* ViewController.swift in Sources */ = {isa = PBXBuildFile; fileRef = EFEEC3E71EC0D0E100CBFF82 /* ViewController.swift */; };
		EFEEC3EB1EC0D0E100CBFF82 /* Main.storyboard in Resources */ = {isa = PBXBuildFile; fileRef = EFEEC3E91EC0D0E100CBFF82 /* Main.storyboard */; };
		EFEEC3ED1EC0D0E100CBFF82 /* Assets.xcassets in Resources */ = {isa = PBXBuildFile; fileRef = EFEEC3EC1EC0D0E100CBFF82 /* Assets.xcassets */; };
		EFEEC3F01EC0D0E100CBFF82 /* LaunchScreen.storyboard in Resources */ = {isa = PBXBuildFile; fileRef = EFEEC3EE1EC0D0E100CBFF82 /* LaunchScreen.storyboard */; };
		EFEEC3F81EC0D3BD00CBFF82 /* ViewController2.swift in Sources */ = {isa = PBXBuildFile; fileRef = EFEEC3F71EC0D3BD00CBFF82 /* ViewController2.swift */; };
/* End PBXBuildFile section */

/* Begin PBXFileReference section */
		7E4C90F31EC2DA3C007EB735 /* beep.wav */ = {isa = PBXFileReference; lastKnownFileType = audio.wav; path = beep.wav; sourceTree = "<group>"; };
		EFEEC3E21EC0D0E100CBFF82 /* project2.app */ = {isa = PBXFileReference; explicitFileType = wrapper.application; includeInIndex = 0; path = project2.app; sourceTree = BUILT_PRODUCTS_DIR; };
		EFEEC3E51EC0D0E100CBFF82 /* AppDelegate.swift */ = {isa = PBXFileReference; lastKnownFileType = sourcecode.swift; path = AppDelegate.swift; sourceTree = "<group>"; };
		EFEEC3E71EC0D0E100CBFF82 /* ViewController.swift */ = {isa = PBXFileReference; lastKnownFileType = sourcecode.swift; path = ViewController.swift; sourceTree = "<group>"; };
		EFEEC3EA1EC0D0E100CBFF82 /* Base */ = {isa = PBXFileReference; lastKnownFileType = file.storyboard; name = Base; path = Base.lproj/Main.storyboard; sourceTree = "<group>"; };
		EFEEC3EC1EC0D0E100CBFF82 /* Assets.xcassets */ = {isa = PBXFileReference; lastKnownFileType = folder.assetcatalog; path = Assets.xcassets; sourceTree = "<group>"; };
		EFEEC3EF1EC0D0E100CBFF82 /* Base */ = {isa = PBXFileReference; lastKnownFileType = file.storyboard; name = Base; path = Base.lproj/LaunchScreen.storyboard; sourceTree = "<group>"; };
		EFEEC3F11EC0D0E100CBFF82 /* Info.plist */ = {isa = PBXFileReference; lastKnownFileType = text.plist.xml; path = Info.plist; sourceTree = "<group>"; };
		EFEEC3F71EC0D3BD00CBFF82 /* ViewController2.swift */ = {isa = PBXFileReference; fileEncoding = 4; lastKnownFileType = sourcecode.swift; path = ViewController2.swift; sourceTree = "<group>"; };
/* End PBXFileReference section */

/* Begin PBXFrameworksBuildPhase section */
		EFEEC3DF1EC0D0E100CBFF82 /* Frameworks */ = {
			isa = PBXFrameworksBuildPhase;
			buildActionMask = 2147483647;
			files = (
			);
			runOnlyForDeploymentPostprocessing = 0;
		};
/* End PBXFrameworksBuildPhase section */

/* Begin PBXGroup section */
		EFEEC3D91EC0D0E100CBFF82 = {
			isa = PBXGroup;
			children = (
				EFEEC3E41EC0D0E100CBFF82 /* project2 */,
				EFEEC3E31EC0D0E100CBFF82 /* Products */,
			);
			sourceTree = "<group>";
		};
		EFEEC3E31EC0D0E100CBFF82 /* Products */ = {
			isa = PBXGroup;
			children = (
				EFEEC3E21EC0D0E100CBFF82 /* project2.app */,
			);
			name = Products;
			sourceTree = "<group>";
		};
		EFEEC3E41EC0D0E100CBFF82 /* project2 */ = {
			isa = PBXGroup;
			children = (
				EFEEC3E51EC0D0E100CBFF82 /* AppDelegate.swift */,
				EFEEC3E71EC0D0E100CBFF82 /* ViewController.swift */,
				EFEEC3F71EC0D3BD00CBFF82 /* ViewController2.swift */,
				EFEEC3E91EC0D0E100CBFF82 /* Main.storyboard */,
				EFEEC3EC1EC0D0E100CBFF82 /* Assets.xcassets */,
				EFEEC3EE1EC0D0E100CBFF82 /* LaunchScreen.storyboard */,
				7E4C90F31EC2DA3C007EB735 /* beep.wav */,
				EFEEC3F11EC0D0E100CBFF82 /* Info.plist */,
			);
			path = project2;
			sourceTree = "<group>";
		};
/* End PBXGroup section */

/* Begin PBXNativeTarget section */
		EFEEC3E11EC0D0E100CBFF82 /* project2 */ = {
			isa = PBXNativeTarget;
			buildConfigurationList = EFEEC3F41EC0D0E100CBFF82 /* Build configuration list for PBXNativeTarget "project2" */;
			buildPhases = (
				EFEEC3DE1EC0D0E100CBFF82 /* Sources */,
				EFEEC3DF1EC0D0E100CBFF82 /* Frameworks */,
				EFEEC3E01EC0D0E100CBFF82 /* Resources */,
			);
			buildRules = (
			);
			dependencies = (
			);
			name = project2;
			productName = project2;
			productReference = EFEEC3E21EC0D0E100CBFF82 /* project2.app */;
			productType = "com.apple.product-type.application";
		};
/* End PBXNativeTarget section */

/* Begin PBXProject section */
		EFEEC3DA1EC0D0E100CBFF82 /* Project object */ = {
			isa = PBXProject;
			attributes = {
				LastSwiftUpdateCheck = 0830;
				LastUpgradeCheck = 0830;
				ORGANIZATIONNAME = "John Hersey High School";
				TargetAttributes = {
					EFEEC3E11EC0D0E100CBFF82 = {
						CreatedOnToolsVersion = 8.3.2;
						DevelopmentTeam = AM8T85FCLU;
						ProvisioningStyle = Automatic;
					};
				};
			};
			buildConfigurationList = EFEEC3DD1EC0D0E100CBFF82 /* Build configuration list for PBXProject "project2" */;
			compatibilityVersion = "Xcode 3.2";
			developmentRegion = English;
			hasScannedForEncodings = 0;
			knownRegions = (
				en,
				Base,
			);
			mainGroup = EFEEC3D91EC0D0E100CBFF82;
			productRefGroup = EFEEC3E31EC0D0E100CBFF82 /* Products */;
			projectDirPath = "";
			projectRoot = "";
			targets = (
				EFEEC3E11EC0D0E100CBFF82 /* project2 */,
			);
		};
/* End PBXProject section */

/* Begin PBXResourcesBuildPhase section */
		EFEEC3E01EC0D0E100CBFF82 /* Resources */ = {
			isa = PBXResourcesBuildPhase;
			buildActionMask = 2147483647;
			files = (
				7E4C90F41EC2DA3C007EB735 /* beep.wav in Resources */,
				EFEEC3F01EC0D0E100CBFF82 /* LaunchScreen.storyboard in Resources */,
				EFEEC3ED1EC0D0E100CBFF82 /* Assets.xcassets in Resources */,
				EFEEC3EB1EC0D0E100CBFF82 /* Main.storyboard in Resources */,
			);
			runOnlyForDeploymentPostprocessing = 0;
		};
/* End PBXResourcesBuildPhase section */

/* Begin PBXSourcesBuildPhase section */
		EFEEC3DE1EC0D0E100CBFF82 /* Sources */ = {
			isa = PBXSourcesBuildPhase;
			buildActionMask = 2147483647;
			files = (
				EFEEC3E81EC0D0E100CBFF82 /* ViewController.swift in Sources */,
				EFEEC3E61EC0D0E100CBFF82 /* AppDelegate.swift in Sources */,
				EFEEC3F81EC0D3BD00CBFF82 /* ViewController2.swift in Sources */,
			);
			runOnlyForDeploymentPostprocessing = 0;
		};
/* End PBXSourcesBuildPhase section */

/* Begin PBXVariantGroup section */
		EFEEC3E91EC0D0E100CBFF82 /* Main.storyboard */ = {
			isa = PBXVariantGroup;
			children = (
				EFEEC3EA1EC0D0E100CBFF82 /* Base */,
			);
			name = Main.storyboard;
			sourceTree = "<group>";
		};
		EFEEC3EE1EC0D0E100CBFF82 /* LaunchScreen.storyboard */ = {
			isa = PBXVariantGroup;
			children = (
				EFEEC3EF1EC0D0E100CBFF82 /* Base */,
			);
			name = LaunchScreen.storyboard;
			sourceTree = "<group>";
		};
/* End PBXVariantGroup section */

/* Begin XCBuildConfiguration section */
		EFEEC3F21EC0D0E100CBFF82 /* Debug */ = {
			isa = XCBuildConfiguration;
			buildSettings = {
				ALWAYS_SEARCH_USER_PATHS = NO;
				CLANG_ANALYZER_NONNULL = YES;
				CLANG_ANALYZER_NUMBER_OBJECT_CONVERSION = YES_AGGRESSIVE;
				CLANG_CXX_LANGUAGE_STANDARD = "gnu++0x";
				CLANG_CXX_LIBRARY = "libc++";
				CLANG_ENABLE_MODULES = YES;
				CLANG_ENABLE_OBJC_ARC = YES;
				CLANG_WARN_BOOL_CONVERSION = YES;
				CLANG_WARN_CONSTANT_CONVERSION = YES;
				CLANG_WARN_DIRECT_OBJC_ISA_USAGE = YES_ERROR;
				CLANG_WARN_DOCUMENTATION_COMMENTS = YES;
				CLANG_WARN_EMPTY_BODY = YES;
				CLANG_WARN_ENUM_CONVERSION = YES;
				CLANG_WARN_INFINITE_RECURSION = YES;
				CLANG_WARN_INT_CONVERSION = YES;
				CLANG_WARN_OBJC_ROOT_CLASS = YES_ERROR;
				CLANG_WARN_SUSPICIOUS_MOVE = YES;
				CLANG_WARN_UNREACHABLE_CODE = YES;
				CLANG_WARN__DUPLICATE_METHOD_MATCH = YES;
				"CODE_SIGN_IDENTITY[sdk=iphoneos*]" = "iPhone Developer";
				COPY_PHASE_STRIP = NO;
				DEBUG_INFORMATION_FORMAT = dwarf;
				ENABLE_STRICT_OBJC_MSGSEND = YES;
				ENABLE_TESTABILITY = YES;
				GCC_C_LANGUAGE_STANDARD = gnu99;
				GCC_DYNAMIC_NO_PIC = NO;
				GCC_NO_COMMON_BLOCKS = YES;
				GCC_OPTIMIZATION_LEVEL = 0;
				GCC_PREPROCESSOR_DEFINITIONS = (
					"DEBUG=1",
					"$(inherited)",
				);
				GCC_WARN_64_TO_32_BIT_CONVERSION = YES;
				GCC_WARN_ABOUT_RETURN_TYPE = YES_ERROR;
				GCC_WARN_UNDECLARED_SELECTOR = YES;
				GCC_WARN_UNINITIALIZED_AUTOS = YES_AGGRESSIVE;
				GCC_WARN_UNUSED_FUNCTION = YES;
				GCC_WARN_UNUSED_VARIABLE = YES;
				IPHONEOS_DEPLOYMENT_TARGET = 10.3;
				MTL_ENABLE_DEBUG_INFO = YES;
				ONLY_ACTIVE_ARCH = YES;
				SDKROOT = iphoneos;
				SWIFT_ACTIVE_COMPILATION_CONDITIONS = DEBUG;
				SWIFT_OPTIMIZATION_LEVEL = "-Onone";
				TARGETED_DEVICE_FAMILY = "1,2";
			};
			name = Debug;
		};
		EFEEC3F31EC0D0E100CBFF82 /* Release */ = {
			isa = XCBuildConfiguration;
			buildSettings = {
				ALWAYS_SEARCH_USER_PATHS = NO;
				CLANG_ANALYZER_NONNULL = YES;
				CLANG_ANALYZER_NUMBER_OBJECT_CONVERSION = YES_AGGRESSIVE;
				CLANG_CXX_LANGUAGE_STANDARD = "gnu++0x";
				CLANG_CXX_LIBRARY = "libc++";
				CLANG_ENABLE_MODULES = YES;
				CLANG_ENABLE_OBJC_ARC = YES;
				CLANG_WARN_BOOL_CONVERSION = YES;
				CLANG_WARN_CONSTANT_CONVERSION = YES;
				CLANG_WARN_DIRECT_OBJC_ISA_USAGE = YES_ERROR;
				CLANG_WARN_DOCUMENTATION_COMMENTS = YES;
				CLANG_WARN_EMPTY_BODY = YES;
				CLANG_WARN_ENUM_CONVERSION = YES;
				CLANG_WARN_INFINITE_RECURSION = YES;
				CLANG_WARN_INT_CONVERSION = YES;
				CLANG_WARN_OBJC_ROOT_CLASS = YES_ERROR;
				CLANG_WARN_SUSPICIOUS_MOVE = YES;
				CLANG_WARN_UNREACHABLE_CODE = YES;
				CLANG_WARN__DUPLICATE_METHOD_MATCH = YES;
				"CODE_SIGN_IDENTITY[sdk=iphoneos*]" = "iPhone Developer";
				COPY_PHASE_STRIP = NO;
				DEBUG_INFORMATION_FORMAT = "dwarf-with-dsym";
				ENABLE_NS_ASSERTIONS = NO;
				ENABLE_STRICT_OBJC_MSGSEND = YES;
				GCC_C_LANGUAGE_STANDARD = gnu99;
				GCC_NO_COMMON_BLOCKS = YES;
				GCC_WARN_64_TO_32_BIT_CONVERSION = YES;
				GCC_WARN_ABOUT_RETURN_TYPE = YES_ERROR;
				GCC_WARN_UNDECLARED_SELECTOR = YES;
				GCC_WARN_UNINITIALIZED_AUTOS = YES_AGGRESSIVE;
				GCC_WARN_UNUSED_FUNCTION = YES;
				GCC_WARN_UNUSED_VARIABLE = YES;
				IPHONEOS_DEPLOYMENT_TARGET = 10.3;
				MTL_ENABLE_DEBUG_INFO = NO;
				SDKROOT = iphoneos;
				SWIFT_OPTIMIZATION_LEVEL = "-Owholemodule";
				TARGETED_DEVICE_FAMILY = "1,2";
				VALIDATE_PRODUCT = YES;
			};
			name = Release;
		};
		EFEEC3F51EC0D0E100CBFF82 /* Debug */ = {
			isa = XCBuildConfiguration;
			buildSettings = {
				ASSETCATALOG_COMPILER_APPICON_NAME = AppIcon;
				DEVELOPMENT_TEAM = AM8T85FCLU;
				INFOPLIST_FILE = project2/Info.plist;
				LD_RUNPATH_SEARCH_PATHS = "$(inherited) @executable_path/Frameworks";
				PRODUCT_BUNDLE_IDENTIFIER = org.jhhs.project2;
				PRODUCT_NAME = "$(TARGET_NAME)";
				SWIFT_VERSION = 3.0;
			};
			name = Debug;
		};
		EFEEC3F61EC0D0E100CBFF82 /* Release */ = {
			isa = XCBuildConfiguration;
			buildSettings = {
				ASSETCATALOG_COMPILER_APPICON_NAME = AppIcon;
				DEVELOPMENT_TEAM = AM8T85FCLU;
				INFOPLIST_FILE = project2/Info.plist;
				LD_RUNPATH_SEARCH_PATHS = "$(inherited) @executable_path/Frameworks";
				PRODUCT_BUNDLE_IDENTIFIER = org.jhhs.project2;
				PRODUCT_NAME = "$(TARGET_NAME)";
				SWIFT_VERSION = 3.0;
			};
			name = Release;
		};
/* End XCBuildConfiguration section */

/* Begin XCConfigurationList section */
		EFEEC3DD1EC0D0E100CBFF82 /* Build configuration list for PBXProject "project2" */ = {
			isa = XCConfigurationList;
			buildConfigurations = (
				EFEEC3F21EC0D0E100CBFF82 /* Debug */,
				EFEEC3F31EC0D0E100CBFF82 /* Release */,
			);
			defaultConfigurationIsVisible = 0;
			defaultConfigurationName = Release;
		};
		EFEEC3F41EC0D0E100CBFF82 /* Build configuration list for PBXNativeTarget "project2" */ = {
			isa = XCConfigurationList;
			buildConfigurations = (
				EFEEC3F51EC0D0E100CBFF82 /* Debug */,
				EFEEC3F61EC0D0E100CBFF82 /* Release */,
			);
			defaultConfigurationIsVisible = 0;
			defaultConfigurationName = Release;
		};
/* End XCConfigurationList section */
	};
	rootObject = EFEEC3DA1EC0D0E100CBFF82 /* Project object */;
}
